
Microsoft Visual Studio Solution File, Format Version 12.00
# Visual Studio 15
VisualStudioVersion = 15.0.26730.12
MinimumVisualStudioVersion = 10.0.40219.1
Project("{9A19103F-16F7-4668-BE54-9A1E7A4F7556}") = "SampleApp.Web", "SampleApp.Web\SampleApp.Web.csproj", "{FC1B830D-3389-47A3-A9C2-2CF676E1C357}"
EndProject
Project("{E53339B2-1760-4266-BCC7-CA923CBCF16C}") = "docker-compose", "docker-compose.dcproj", "{AE9DAA18-F54D-4252-BA3A-B80DC39822D6}"
EndProject
Project("{9A19103F-16F7-4668-BE54-9A1E7A4F7556}") = "SampleApp.Service1", "SampleApp.Service1\SampleApp.Service1.csproj", "{CDC805B5-AC16-4DF6-9FD0-33FDCA847CAD}"
EndProject
Project("{9A19103F-16F7-4668-BE54-9A1E7A4F7556}") = "SampleApp.Model", "SampleApp.Model\SampleApp.Model.csproj", "{0DB2E48E-4D52-4718-8704-B1D5EF2EEE23}"
EndProject
Project("{FAE04EC0-301F-11D3-BF4B-00C04F79EFBC}") = "SampleApp.Service2", "SampleApp.Service2\SampleApp.Service2.csproj", "{4EA06498-E36E-4BF9-AE26-2FC7FC85D082}"
EndProject
Global
	GlobalSection(SolutionConfigurationPlatforms) = preSolution
		Debug|Any CPU = Debug|Any CPU
		Release|Any CPU = Release|Any CPU
	EndGlobalSection
	GlobalSection(ProjectConfigurationPlatforms) = postSolution
		{FC1B830D-3389-47A3-A9C2-2CF676E1C357}.Debug|Any CPU.ActiveCfg = Debug|Any CPU
		{FC1B830D-3389-47A3-A9C2-2CF676E1C357}.Debug|Any CPU.Build.0 = Debug|Any CPU
		{FC1B830D-3389-47A3-A9C2-2CF676E1C357}.Release|Any CPU.ActiveCfg = Release|Any CPU
		{FC1B830D-3389-47A3-A9C2-2CF676E1C357}.Release|Any CPU.Build.0 = Release|Any CPU
		{AE9DAA18-F54D-4252-BA3A-B80DC39822D6}.Debug|Any CPU.ActiveCfg = Debug|Any CPU
		{AE9DAA18-F54D-4252-BA3A-B80DC39822D6}.Debug|Any CPU.Build.0 = Debug|Any CPU
		{AE9DAA18-F54D-4252-BA3A-B80DC39822D6}.Release|Any CPU.ActiveCfg = Release|Any CPU
		{AE9DAA18-F54D-4252-BA3A-B80DC39822D6}.Release|Any CPU.Build.0 = Release|Any CPU
		{CDC805B5-AC16-4DF6-9FD0-33FDCA847CAD}.Debug|Any CPU.ActiveCfg = Debug|Any CPU
		{CDC805B5-AC16-4DF6-9FD0-33FDCA847CAD}.Debug|Any CPU.Build.0 = Debug|Any CPU
		{CDC805B5-AC16-4DF6-9FD0-33FDCA847CAD}.Release|Any CPU.ActiveCfg = Release|Any CPU
		{CDC805B5-AC16-4DF6-9FD0-33FDCA847CAD}.Release|Any CPU.Build.0 = Release|Any CPU
		{0DB2E48E-4D52-4718-8704-B1D5EF2EEE23}.Debug|Any CPU.ActiveCfg = Debug|Any CPU
		{0DB2E48E-4D52-4718-8704-B1D5EF2EEE23}.Debug|Any CPU.Build.0 = Debug|Any CPU
		{0DB2E48E-4D52-4718-8704-B1D5EF2EEE23}.Release|Any CPU.ActiveCfg = Release|Any CPU
		{0DB2E48E-4D52-4718-8704-B1D5EF2EEE23}.Release|Any CPU.Build.0 = Release|Any CPU
		{4EA06498-E36E-4BF9-AE26-2FC7FC85D082}.Debug|Any CPU.ActiveCfg = Debug|Any CPU
		{4EA06498-E36E-4BF9-AE26-2FC7FC85D082}.Debug|Any CPU.Build.0 = Debug|Any CPU
		{4EA06498-E36E-4BF9-AE26-2FC7FC85D082}.Release|Any CPU.ActiveCfg = Release|Any CPU
		{4EA06498-E36E-4BF9-AE26-2FC7FC85D082}.Release|Any CPU.Build.0 = Release|Any CPU
	EndGlobalSection
	GlobalSection(SolutionProperties) = preSolution
		HideSolutionNode = FALSE
	EndGlobalSection
	GlobalSection(ExtensibilityGlobals) = postSolution
		SolutionGuid = {7D5B6A3F-FCC8-4C37-9AD0-0EE28CF59F57}
	EndGlobalSection
EndGlobal
